// !$*UTF8*$!
{
	archiveVersion = 1;
	classes = {
	};
	objectVersion = 46;
	objects = {

/* Begin PBXBuildFile section */
		64DC61471BA057900022E52F /* main.m in Sources */ = {isa = PBXBuildFile; fileRef = 64DC61461BA057900022E52F /* main.m */; };
		64DC614A1BA057900022E52F /* AppDelegate.m in Sources */ = {isa = PBXBuildFile; fileRef = 64DC61491BA057900022E52F /* AppDelegate.m */; };
		64DC614D1BA057900022E52F /* ViewController.m in Sources */ = {isa = PBXBuildFile; fileRef = 64DC614C1BA057900022E52F /* ViewController.m */; };
		64DC61501BA057900022E52F /* Main.storyboard in Resources */ = {isa = PBXBuildFile; fileRef = 64DC614E1BA057900022E52F /* Main.storyboard */; };
		64DC61521BA057900022E52F /* Images.xcassets in Resources */ = {isa = PBXBuildFile; fileRef = 64DC61511BA057900022E52F /* Images.xcassets */; };
		64DC61551BA057900022E52F /* LaunchScreen.xib in Resources */ = {isa = PBXBuildFile; fileRef = 64DC61531BA057900022E52F /* LaunchScreen.xib */; };
		64DC61611BA057900022E52F /* AppWatchTVTests.m in Sources */ = {isa = PBXBuildFile; fileRef = 64DC61601BA057900022E52F /* AppWatchTVTests.m */; };
		64DC61741BA0579D0022E52F /* InterfaceController.m in Sources */ = {isa = PBXBuildFile; fileRef = 64DC61731BA0579D0022E52F /* InterfaceController.m */; };
		64DC61761BA0579D0022E52F /* Images.xcassets in Resources */ = {isa = PBXBuildFile; fileRef = 64DC61751BA0579D0022E52F /* Images.xcassets */; };
		64DC617A1BA0579D0022E52F /* AppWatchTV WatchKit App.app in Resources */ = {isa = PBXBuildFile; fileRef = 64DC61791BA0579D0022E52F /* AppWatchTV WatchKit App.app */; };
		64DC61821BA0579D0022E52F /* Interface.storyboard in Resources */ = {isa = PBXBuildFile; fileRef = 64DC61801BA0579D0022E52F /* Interface.storyboard */; };
		64DC61841BA0579D0022E52F /* Images.xcassets in Resources */ = {isa = PBXBuildFile; fileRef = 64DC61831BA0579D0022E52F /* Images.xcassets */; };
		64DC61871BA0579D0022E52F /* AppWatchTV WatchKit Extension.appex in Embed App Extensions */ = {isa = PBXBuildFile; fileRef = 64DC616E1BA0579D0022E52F /* AppWatchTV WatchKit Extension.appex */; settings = {ATTRIBUTES = (RemoveHeadersOnCopy, ); }; };
/* End PBXBuildFile section */

/* Begin PBXContainerItemProxy section */
		64DC615B1BA057900022E52F /* PBXContainerItemProxy */ = {
			isa = PBXContainerItemProxy;
			containerPortal = 64DC61391BA057900022E52F /* Project object */;
			proxyType = 1;
			remoteGlobalIDString = 64DC61401BA057900022E52F;
			remoteInfo = AppWatchTV;
		};
		64DC617B1BA0579D0022E52F /* PBXContainerItemProxy */ = {
			isa = PBXContainerItemProxy;
			containerPortal = 64DC61391BA057900022E52F /* Project object */;
			proxyType = 1;
			remoteGlobalIDString = 64DC61781BA0579D0022E52F;
			remoteInfo = "AppWatchTV WatchKit App";
		};
		64DC61851BA0579D0022E52F /* PBXContainerItemProxy */ = {
			isa = PBXContainerItemProxy;
			containerPortal = 64DC61391BA057900022E52F /* Project object */;
			proxyType = 1;
			remoteGlobalIDString = 64DC616D1BA0579D0022E52F;
			remoteInfo = "AppWatchTV WatchKit Extension";
		};
/* End PBXContainerItemProxy section */

/* Begin PBXCopyFilesBuildPhase section */
		64DC618E1BA0579D0022E52F /* Embed App Extensions */ = {
			isa = PBXCopyFilesBuildPhase;
			buildActionMask = 2147483647;
			dstPath = "";
			dstSubfolderSpec = 13;
			files = (
				64DC61871BA0579D0022E52F /* AppWatchTV WatchKit Extension.appex in Embed App Extensions */,
			);
			name = "Embed App Extensions";
			runOnlyForDeploymentPostprocessing = 0;
		};
/* End PBXCopyFilesBuildPhase section */

/* Begin PBXFileReference section */
		64DC61411BA057900022E52F /* AppWatchTV.app */ = {isa = PBXFileReference; explicitFileType = wrapper.application; includeInIndex = 0; path = AppWatchTV.app; sourceTree = BUILT_PRODUCTS_DIR; };
		64DC61451BA057900022E52F /* Info.plist */ = {isa = PBXFileReference; lastKnownFileType = text.plist.xml; path = Info.plist; sourceTree = "<group>"; };
		64DC61461BA057900022E52F /* main.m */ = {isa = PBXFileReference; lastKnownFileType = sourcecode.c.objc; path = main.m; sourceTree = "<group>"; };
		64DC61481BA057900022E52F /* AppDelegate.h */ = {isa = PBXFileReference; lastKnownFileType = sourcecode.c.h; path = AppDelegate.h; sourceTree = "<group>"; };
		64DC61491BA057900022E52F /* AppDelegate.m */ = {isa = PBXFileReference; lastKnownFileType = sourcecode.c.objc; path = AppDelegate.m; sourceTree = "<group>"; };
		64DC614B1BA057900022E52F /* ViewController.h */ = {isa = PBXFileReference; lastKnownFileType = sourcecode.c.h; path = ViewController.h; sourceTree = "<group>"; };
		64DC614C1BA057900022E52F /* ViewController.m */ = {isa = PBXFileReference; lastKnownFileType = sourcecode.c.objc; path = ViewController.m; sourceTree = "<group>"; };
		64DC614F1BA057900022E52F /* Base */ = {isa = PBXFileReference; lastKnownFileType = file.storyboard; name = Base; path = Base.lproj/Main.storyboard; sourceTree = "<group>"; };
		64DC61511BA057900022E52F /* Images.xcassets */ = {isa = PBXFileReference; lastKnownFileType = folder.assetcatalog; path = Images.xcassets; sourceTree = "<group>"; };
		64DC61541BA057900022E52F /* Base */ = {isa = PBXFileReference; lastKnownFileType = file.xib; name = Base; path = Base.lproj/LaunchScreen.xib; sourceTree = "<group>"; };
		64DC615A1BA057900022E52F /* AppWatchTVTests.xctest */ = {isa = PBXFileReference; explicitFileType = wrapper.cfbundle; includeInIndex = 0; path = AppWatchTVTests.xctest; sourceTree = BUILT_PRODUCTS_DIR; };
		64DC615F1BA057900022E52F /* Info.plist */ = {isa = PBXFileReference; lastKnownFileType = text.plist.xml; path = Info.plist; sourceTree = "<group>"; };
		64DC61601BA057900022E52F /* AppWatchTVTests.m */ = {isa = PBXFileReference; lastKnownFileType = sourcecode.c.objc; path = AppWatchTVTests.m; sourceTree = "<group>"; };
		64DC616E1BA0579D0022E52F /* AppWatchTV WatchKit Extension.appex */ = {isa = PBXFileReference; explicitFileType = "wrapper.app-extension"; includeInIndex = 0; path = "AppWatchTV WatchKit Extension.appex"; sourceTree = BUILT_PRODUCTS_DIR; };
		64DC61711BA0579D0022E52F /* Info.plist */ = {isa = PBXFileReference; lastKnownFileType = text.plist.xml; path = Info.plist; sourceTree = "<group>"; };
		64DC61721BA0579D0022E52F /* InterfaceController.h */ = {isa = PBXFileReference; lastKnownFileType = sourcecode.c.h; path = InterfaceController.h; sourceTree = "<group>"; };
		64DC61731BA0579D0022E52F /* InterfaceController.m */ = {isa = PBXFileReference; lastKnownFileType = sourcecode.c.objc; path = InterfaceController.m; sourceTree = "<group>"; };
		64DC61751BA0579D0022E52F /* Images.xcassets */ = {isa = PBXFileReference; lastKnownFileType = folder.assetcatalog; path = Images.xcassets; sourceTree = "<group>"; };
		64DC61791BA0579D0022E52F /* AppWatchTV WatchKit App.app */ = {isa = PBXFileReference; explicitFileType = wrapper.application; includeInIndex = 0; path = "AppWatchTV WatchKit App.app"; sourceTree = BUILT_PRODUCTS_DIR; };
		64DC617F1BA0579D0022E52F /* Info.plist */ = {isa = PBXFileReference; lastKnownFileType = text.plist.xml; path = Info.plist; sourceTree = "<group>"; };
		64DC61811BA0579D0022E52F /* Base */ = {isa = PBXFileReference; lastKnownFileType = file.storyboard; name = Base; path = Base.lproj/Interface.storyboard; sourceTree = "<group>"; };
		64DC61831BA0579D0022E52F /* Images.xcassets */ = {isa = PBXFileReference; lastKnownFileType = folder.assetcatalog; path = Images.xcassets; sourceTree = "<group>"; };
/* End PBXFileReference section */

/* Begin PBXFrameworksBuildPhase section */
		64DC613E1BA057900022E52F /* Frameworks */ = {
			isa = PBXFrameworksBuildPhase;
			buildActionMask = 2147483647;
			files = (
			);
			runOnlyForDeploymentPostprocessing = 0;
		};
		64DC61571BA057900022E52F /* Frameworks */ = {
			isa = PBXFrameworksBuildPhase;
			buildActionMask = 2147483647;
			files = (
			);
			runOnlyForDeploymentPostprocessing = 0;
		};
		64DC616B1BA0579D0022E52F /* Frameworks */ = {
			isa = PBXFrameworksBuildPhase;
			buildActionMask = 2147483647;
			files = (
			);
			runOnlyForDeploymentPostprocessing = 0;
		};
/* End PBXFrameworksBuildPhase section */

/* Begin PBXGroup section */
		64DC61381BA057900022E52F = {
			isa = PBXGroup;
			children = (
				64DC61431BA057900022E52F /* AppWatchTV */,
				64DC615D1BA057900022E52F /* AppWatchTVTests */,
				64DC616F1BA0579D0022E52F /* AppWatchTV WatchKit Extension */,
				64DC617D1BA0579D0022E52F /* AppWatchTV WatchKit App */,
				64DC61421BA057900022E52F /* Products */,
			);
			sourceTree = "<group>";
		};
		64DC61421BA057900022E52F /* Products */ = {
			isa = PBXGroup;
			children = (
				64DC61411BA057900022E52F /* AppWatchTV.app */,
				64DC615A1BA057900022E52F /* AppWatchTVTests.xctest */,
				64DC616E1BA0579D0022E52F /* AppWatchTV WatchKit Extension.appex */,
				64DC61791BA0579D0022E52F /* AppWatchTV WatchKit App.app */,
			);
			name = Products;
			sourceTree = "<group>";
		};
		64DC61431BA057900022E52F /* AppWatchTV */ = {
			isa = PBXGroup;
			children = (
				64DC61481BA057900022E52F /* AppDelegate.h */,
				64DC61491BA057900022E52F /* AppDelegate.m */,
				64DC614B1BA057900022E52F /* ViewController.h */,
				64DC614C1BA057900022E52F /* ViewController.m */,
				64DC614E1BA057900022E52F /* Main.storyboard */,
				64DC61511BA057900022E52F /* Images.xcassets */,
				64DC61531BA057900022E52F /* LaunchScreen.xib */,
				64DC61441BA057900022E52F /* Supporting Files */,
			);
			path = AppWatchTV;
			sourceTree = "<group>";
		};
		64DC61441BA057900022E52F /* Supporting Files */ = {
			isa = PBXGroup;
			children = (
				64DC61451BA057900022E52F /* Info.plist */,
				64DC61461BA057900022E52F /* main.m */,
			);
			name = "Supporting Files";
			sourceTree = "<group>";
		};
		64DC615D1BA057900022E52F /* AppWatchTVTests */ = {
			isa = PBXGroup;
			children = (
				64DC61601BA057900022E52F /* AppWatchTVTests.m */,
				64DC615E1BA057900022E52F /* Supporting Files */,
			);
			path = AppWatchTVTests;
			sourceTree = "<group>";
		};
		64DC615E1BA057900022E52F /* Supporting Files */ = {
			isa = PBXGroup;
			children = (
				64DC615F1BA057900022E52F /* Info.plist */,
			);
			name = "Supporting Files";
			sourceTree = "<group>";
		};
		64DC616F1BA0579D0022E52F /* AppWatchTV WatchKit Extension */ = {
			isa = PBXGroup;
			children = (
				64DC61721BA0579D0022E52F /* InterfaceController.h */,
				64DC61731BA0579D0022E52F /* InterfaceController.m */,
				64DC61751BA0579D0022E52F /* Images.xcassets */,
				64DC61701BA0579D0022E52F /* Supporting Files */,
			);
			path = "AppWatchTV WatchKit Extension";
			sourceTree = "<group>";
		};
		64DC61701BA0579D0022E52F /* Supporting Files */ = {
			isa = PBXGroup;
			children = (
				64DC61711BA0579D0022E52F /* Info.plist */,
			);
			name = "Supporting Files";
			sourceTree = "<group>";
		};
		64DC617D1BA0579D0022E52F /* AppWatchTV WatchKit App */ = {
			isa = PBXGroup;
			children = (
				64DC61801BA0579D0022E52F /* Interface.storyboard */,
				64DC61831BA0579D0022E52F /* Images.xcassets */,
				64DC617E1BA0579D0022E52F /* Supporting Files */,
			);
			path = "AppWatchTV WatchKit App";
			sourceTree = "<group>";
		};
		64DC617E1BA0579D0022E52F /* Supporting Files */ = {
			isa = PBXGroup;
			children = (
				64DC617F1BA0579D0022E52F /* Info.plist */,
			);
			name = "Supporting Files";
			sourceTree = "<group>";
		};
/* End PBXGroup section */

/* Begin PBXNativeTarget section */
		64DC61401BA057900022E52F /* AppWatchTV */ = {
			isa = PBXNativeTarget;
			buildConfigurationList = 64DC61641BA057900022E52F /* Build configuration list for PBXNativeTarget "AppWatchTV" */;
			buildPhases = (
				64DC613D1BA057900022E52F /* Sources */,
				64DC613E1BA057900022E52F /* Frameworks */,
				64DC613F1BA057900022E52F /* Resources */,
				64DC618E1BA0579D0022E52F /* Embed App Extensions */,
			);
			buildRules = (
			);
			dependencies = (
				64DC61861BA0579D0022E52F /* PBXTargetDependency */,
			);
			name = AppWatchTV;
			productName = AppWatchTV;
			productReference = 64DC61411BA057900022E52F /* AppWatchTV.app */;
			productType = "com.apple.product-type.application";
		};
		64DC61591BA057900022E52F /* AppWatchTVTests */ = {
			isa = PBXNativeTarget;
			buildConfigurationList = 64DC61671BA057900022E52F /* Build configuration list for PBXNativeTarget "AppWatchTVTests" */;
			buildPhases = (
				64DC61561BA057900022E52F /* Sources */,
				64DC61571BA057900022E52F /* Frameworks */,
				64DC61581BA057900022E52F /* Resources */,
			);
			buildRules = (
			);
			dependencies = (
				64DC615C1BA057900022E52F /* PBXTargetDependency */,
			);
			name = AppWatchTVTests;
			productName = AppWatchTVTests;
			productReference = 64DC615A1BA057900022E52F /* AppWatchTVTests.xctest */;
			productType = "com.apple.product-type.bundle.unit-test";
		};
		64DC616D1BA0579D0022E52F /* AppWatchTV WatchKit Extension */ = {
			isa = PBXNativeTarget;
			buildConfigurationList = 64DC618B1BA0579D0022E52F /* Build configuration list for PBXNativeTarget "AppWatchTV WatchKit Extension" */;
			buildPhases = (
				64DC616A1BA0579D0022E52F /* Sources */,
				64DC616B1BA0579D0022E52F /* Frameworks */,
				64DC616C1BA0579D0022E52F /* Resources */,
			);
			buildRules = (
			);
			dependencies = (
				64DC617C1BA0579D0022E52F /* PBXTargetDependency */,
			);
			name = "AppWatchTV WatchKit Extension";
			productName = "AppWatchTV WatchKit Extension";
			productReference = 64DC616E1BA0579D0022E52F /* AppWatchTV WatchKit Extension.appex */;
			productType = "com.apple.product-type.watchkit-extension";
		};
		64DC61781BA0579D0022E52F /* AppWatchTV WatchKit App */ = {
			isa = PBXNativeTarget;
			buildConfigurationList = 64DC61881BA0579D0022E52F /* Build configuration list for PBXNativeTarget "AppWatchTV WatchKit App" */;
			buildPhases = (
				64DC61771BA0579D0022E52F /* Resources */,
			);
			buildRules = (
			);
			dependencies = (
			);
			name = "AppWatchTV WatchKit App";
			productName = "AppWatchTV WatchKit App";
			productReference = 64DC61791BA0579D0022E52F /* AppWatchTV WatchKit App.app */;
			productType = "com.apple.product-type.application.watchapp";
		};
/* End PBXNativeTarget section */

/* Begin PBXProject section */
		64DC61391BA057900022E52F /* Project object */ = {
			isa = PBXProject;
			attributes = {
				LastUpgradeCheck = 0640;
				ORGANIZATIONNAME = "LWO LLC";
				TargetAttributes = {
					64DC61401BA057900022E52F = {
						CreatedOnToolsVersion = 6.4;
					};
					64DC61591BA057900022E52F = {
						CreatedOnToolsVersion = 6.4;
						TestTargetID = 64DC61401BA057900022E52F;
					};
					64DC616D1BA0579D0022E52F = {
						CreatedOnToolsVersion = 6.4;
					};
					64DC61781BA0579D0022E52F = {
						CreatedOnToolsVersion = 6.4;
					};
				};
			};
			buildConfigurationList = 64DC613C1BA057900022E52F /* Build configuration list for PBXProject "AppWatchTV" */;
			compatibilityVersion = "Xcode 3.2";
			developmentRegion = English;
			hasScannedForEncodings = 0;
			knownRegions = (
				en,
				Base,
			);
			mainGroup = 64DC61381BA057900022E52F;
			productRefGroup = 64DC61421BA057900022E52F /* Products */;
			projectDirPath = "";
			projectRoot = "";
			targets = (
				64DC61401BA057900022E52F /* AppWatchTV */,
				64DC61591BA057900022E52F /* AppWatchTVTests */,
				64DC616D1BA0579D0022E52F /* AppWatchTV WatchKit Extension */,
				64DC61781BA0579D0022E52F /* AppWatchTV WatchKit App */,
			);
		};
/* End PBXProject section */

/* Begin PBXResourcesBuildPhase section */
		64DC613F1BA057900022E52F /* Resources */ = {
			isa = PBXResourcesBuildPhase;
			buildActionMask = 2147483647;
			files = (
				64DC61501BA057900022E52F /* Main.storyboard in Resources */,
				64DC61551BA057900022E52F /* LaunchScreen.xib in Resources */,
				64DC61521BA057900022E52F /* Images.xcassets in Resources */,
			);
			runOnlyForDeploymentPostprocessing = 0;
		};
		64DC61581BA057900022E52F /* Resources */ = {
			isa = PBXResourcesBuildPhase;
			buildActionMask = 2147483647;
			files = (
			);
			runOnlyForDeploymentPostprocessing = 0;
		};
		64DC616C1BA0579D0022E52F /* Resources */ = {
			isa = PBXResourcesBuildPhase;
			buildActionMask = 2147483647;
			files = (
				64DC617A1BA0579D0022E52F /* AppWatchTV WatchKit App.app in Resources */,
				64DC61761BA0579D0022E52F /* Images.xcassets in Resources */,
			);
			runOnlyForDeploymentPostprocessing = 0;
		};
		64DC61771BA0579D0022E52F /* Resources */ = {
			isa = PBXResourcesBuildPhase;
			buildActionMask = 2147483647;
			files = (
				64DC61821BA0579D0022E52F /* Interface.storyboard in Resources */,
				64DC61841BA0579D0022E52F /* Images.xcassets in Resources */,
			);
			runOnlyForDeploymentPostprocessing = 0;
		};
/* End PBXResourcesBuildPhase section */

/* Begin PBXSourcesBuildPhase section */
		64DC613D1BA057900022E52F /* Sources */ = {
			isa = PBXSourcesBuildPhase;
			buildActionMask = 2147483647;
			files = (
				64DC614D1BA057900022E52F /* ViewController.m in Sources */,
				64DC614A1BA057900022E52F /* AppDelegate.m in Sources */,
				64DC61471BA057900022E52F /* main.m in Sources */,
			);
			runOnlyForDeploymentPostprocessing = 0;
		};
		64DC61561BA057900022E52F /* Sources */ = {
			isa = PBXSourcesBuildPhase;
			buildActionMask = 2147483647;
			files = (
				64DC61611BA057900022E52F /* AppWatchTVTests.m in Sources */,
			);
			runOnlyForDeploymentPostprocessing = 0;
		};
		64DC616A1BA0579D0022E52F /* Sources */ = {
			isa = PBXSourcesBuildPhase;
			buildActionMask = 2147483647;
			files = (
				64DC61741BA0579D0022E52F /* InterfaceController.m in Sources */,
			);
			runOnlyForDeploymentPostprocessing = 0;
		};
/* End PBXSourcesBuildPhase section */

/* Begin PBXTargetDependency section */
		64DC615C1BA057900022E52F /* PBXTargetDependency */ = {
			isa = PBXTargetDependency;
			target = 64DC61401BA057900022E52F /* AppWatchTV */;
			targetProxy = 64DC615B1BA057900022E52F /* PBXContainerItemProxy */;
		};
		64DC617C1BA0579D0022E52F /* PBXTargetDependency */ = {
			isa = PBXTargetDependency;
			target = 64DC61781BA0579D0022E52F /* AppWatchTV WatchKit App */;
			targetProxy = 64DC617B1BA0579D0022E52F /* PBXContainerItemProxy */;
		};
		64DC61861BA0579D0022E52F /* PBXTargetDependency */ = {
			isa = PBXTargetDependency;
			target = 64DC616D1BA0579D0022E52F /* AppWatchTV WatchKit Extension */;
			targetProxy = 64DC61851BA0579D0022E52F /* PBXContainerItemProxy */;
		};
/* End PBXTargetDependency section */

/* Begin PBXVariantGroup section */
		64DC614E1BA057900022E52F /* Main.storyboard */ = {
			isa = PBXVariantGroup;
			children = (
				64DC614F1BA057900022E52F /* Base */,
			);
			name = Main.storyboard;
			sourceTree = "<group>";
		};
		64DC61531BA057900022E52F /* LaunchScreen.xib */ = {
			isa = PBXVariantGroup;
			children = (
				64DC61541BA057900022E52F /* Base */,
			);
			name = LaunchScreen.xib;
			sourceTree = "<group>";
		};
		64DC61801BA0579D0022E52F /* Interface.storyboard */ = {
			isa = PBXVariantGroup;
			children = (
				64DC61811BA0579D0022E52F /* Base */,
			);
			name = Interface.storyboard;
			sourceTree = "<group>";
		};
/* End PBXVariantGroup section */

/* Begin XCBuildConfiguration section */
		64DC61621BA057900022E52F /* Debug */ = {
			isa = XCBuildConfiguration;
			buildSettings = {
				ALWAYS_SEARCH_USER_PATHS = NO;
				CLANG_CXX_LANGUAGE_STANDARD = "gnu++0x";
				CLANG_CXX_LIBRARY = "libc++";
				CLANG_ENABLE_MODULES = YES;
				CLANG_ENABLE_OBJC_ARC = YES;
				CLANG_WARN_BOOL_CONVERSION = YES;
				CLANG_WARN_CONSTANT_CONVERSION = YES;
				CLANG_WARN_DIRECT_OBJC_ISA_USAGE = YES_ERROR;
				CLANG_WARN_EMPTY_BODY = YES;
				CLANG_WARN_ENUM_CONVERSION = YES;
				CLANG_WARN_INT_CONVERSION = YES;
				CLANG_WARN_OBJC_ROOT_CLASS = YES_ERROR;
				CLANG_WARN_UNREACHABLE_CODE = YES;
				CLANG_WARN__DUPLICATE_METHOD_MATCH = YES;
				"CODE_SIGN_IDENTITY[sdk=iphoneos*]" = "iPhone Developer";
				COPY_PHASE_STRIP = NO;
				DEBUG_INFORMATION_FORMAT = "dwarf-with-dsym";
				ENABLE_STRICT_OBJC_MSGSEND = YES;
				GCC_C_LANGUAGE_STANDARD = gnu99;
				GCC_DYNAMIC_NO_PIC = NO;
				GCC_NO_COMMON_BLOCKS = YES;
				GCC_OPTIMIZATION_LEVEL = 0;
				GCC_PREPROCESSOR_DEFINITIONS = (
					"DEBUG=1",
					"$(inherited)",
				);
				GCC_SYMBOLS_PRIVATE_EXTERN = NO;
				GCC_WARN_64_TO_32_BIT_CONVERSION = YES;
				GCC_WARN_ABOUT_RETURN_TYPE = YES_ERROR;
				GCC_WARN_UNDECLARED_SELECTOR = YES;
				GCC_WARN_UNINITIALIZED_AUTOS = YES_AGGRESSIVE;
				GCC_WARN_UNUSED_FUNCTION = YES;
				GCC_WARN_UNUSED_VARIABLE = YES;
				IPHONEOS_DEPLOYMENT_TARGET = 8.4;
				MTL_ENABLE_DEBUG_INFO = YES;
				ONLY_ACTIVE_ARCH = YES;
				SDKROOT = iphoneos;
				TARGETED_DEVICE_FAMILY = "1,2";
			};
			name = Debug;
		};
		64DC61631BA057900022E52F /* Release */ = {
			isa = XCBuildConfiguration;
			buildSettings = {
				ALWAYS_SEARCH_USER_PATHS = NO;
				CLANG_CXX_LANGUAGE_STANDARD = "gnu++0x";
				CLANG_CXX_LIBRARY = "libc++";
				CLANG_ENABLE_MODULES = YES;
				CLANG_ENABLE_OBJC_ARC = YES;
				CLANG_WARN_BOOL_CONVERSION = YES;
				CLANG_WARN_CONSTANT_CONVERSION = YES;
				CLANG_WARN_DIRECT_OBJC_ISA_USAGE = YES_ERROR;
				CLANG_WARN_EMPTY_BODY = YES;
				CLANG_WARN_ENUM_CONVERSION = YES;
				CLANG_WARN_INT_CONVERSION = YES;
				CLANG_WARN_OBJC_ROOT_CLASS = YES_ERROR;
				CLANG_WARN_UNREACHABLE_CODE = YES;
				CLANG_WARN__DUPLICATE_METHOD_MATCH = YES;
				"CODE_SIGN_IDENTITY[sdk=iphoneos*]" = "iPhone Developer";
				COPY_PHASE_STRIP = NO;
				DEBUG_INFORMATION_FORMAT = "dwarf-with-dsym";
				ENABLE_NS_ASSERTIONS = NO;
				ENABLE_STRICT_OBJC_MSGSEND = YES;
				GCC_C_LANGUAGE_STANDARD = gnu99;
				GCC_NO_COMMON_BLOCKS = YES;
				GCC_WARN_64_TO_32_BIT_CONVERSION = YES;
				GCC_WARN_ABOUT_RETURN_TYPE = YES_ERROR;
				GCC_WARN_UNDECLARED_SELECTOR = YES;
				GCC_WARN_UNINITIALIZED_AUTOS = YES_AGGRESSIVE;
				GCC_WARN_UNUSED_FUNCTION = YES;
				GCC_WARN_UNUSED_VARIABLE = YES;
				IPHONEOS_DEPLOYMENT_TARGET = 8.4;
				MTL_ENABLE_DEBUG_INFO = NO;
				SDKROOT = iphoneos;
				TARGETED_DEVICE_FAMILY = "1,2";
				VALIDATE_PRODUCT = YES;
			};
			name = Release;
		};
		64DC61651BA057900022E52F /* Debug */ = {
			isa = XCBuildConfiguration;
			buildSettings = {
				ASSETCATALOG_COMPILER_APPICON_NAME = AppIcon;
				INFOPLIST_FILE = AppWatchTV/Info.plist;
				LD_RUNPATH_SEARCH_PATHS = "$(inherited) @executable_path/Frameworks";
				PRODUCT_NAME = "$(TARGET_NAME)";
			};
			name = Debug;
		};
		64DC61661BA057900022E52F /* Release */ = {
			isa = XCBuildConfiguration;
			buildSettings = {
				ASSETCATALOG_COMPILER_APPICON_NAME = AppIcon;
				INFOPLIST_FILE = AppWatchTV/Info.plist;
				LD_RUNPATH_SEARCH_PATHS = "$(inherited) @executable_path/Frameworks";
				PRODUCT_NAME = "$(TARGET_NAME)";
			};
			name = Release;
		};
		64DC61681BA057900022E52F /* Debug */ = {
			isa = XCBuildConfiguration;
			buildSettings = {
				BUNDLE_LOADER = "$(TEST_HOST)";
				FRAMEWORK_SEARCH_PATHS = (
					"$(SDKROOT)/Developer/Library/Frameworks",
					"$(inherited)",
				);
				GCC_PREPROCESSOR_DEFINITIONS = (
					"DEBUG=1",
					"$(inherited)",
				);
				INFOPLIST_FILE = AppWatchTVTests/Info.plist;
				LD_RUNPATH_SEARCH_PATHS = "$(inherited) @executable_path/Frameworks @loader_path/Frameworks";
				PRODUCT_NAME = "$(TARGET_NAME)";
				TEST_HOST = "$(BUILT_PRODUCTS_DIR)/AppWatchTV.app/AppWatchTV";
			};
			name = Debug;
		};
		64DC61691BA057900022E52F /* Release */ = {
			isa = XCBuildConfiguration;
			buildSettings = {
				BUNDLE_LOADER = "$(TEST_HOST)";
				FRAMEWORK_SEARCH_PATHS = (
					"$(SDKROOT)/Developer/Library/Frameworks",
					"$(inherited)",
				);
				INFOPLIST_FILE = AppWatchTVTests/Info.plist;
				LD_RUNPATH_SEARCH_PATHS = "$(inherited) @executable_path/Frameworks @loader_path/Frameworks";
				PRODUCT_NAME = "$(TARGET_NAME)";
				TEST_HOST = "$(BUILT_PRODUCTS_DIR)/AppWatchTV.app/AppWatchTV";
			};
			name = Release;
		};
		64DC61891BA0579D0022E52F /* Debug */ = {
			isa = XCBuildConfiguration;
			buildSettings = {
				ASSETCATALOG_COMPILER_APPICON_NAME = AppIcon;
				GCC_PREPROCESSOR_DEFINITIONS = (
					"DEBUG=1",
					"$(inherited)",
				);
				IBSC_MODULE = AppWatchTV_WatchKit_Extension;
				INFOPLIST_FILE = "AppWatchTV WatchKit App/Info.plist";
				IPHONEOS_DEPLOYMENT_TARGET = 8.2;
				PRODUCT_NAME = "$(TARGET_NAME)";
				SKIP_INSTALL = YES;
				TARGETED_DEVICE_FAMILY = 4;
				"TARGETED_DEVICE_FAMILY[sdk=iphonesimulator*]" = "1,4";
			};
			name = Debug;
		};
		64DC618A1BA0579D0022E52F /* Release */ = {
			isa = XCBuildConfiguration;
			buildSettings = {
				ASSETCATALOG_COMPILER_APPICON_NAME = AppIcon;
				IBSC_MODULE = AppWatchTV_WatchKit_Extension;
				INFOPLIST_FILE = "AppWatchTV WatchKit App/Info.plist";
				IPHONEOS_DEPLOYMENT_TARGET = 8.2;
				PRODUCT_NAME = "$(TARGET_NAME)";
				SKIP_INSTALL = YES;
				TARGETED_DEVICE_FAMILY = 4;
				"TARGETED_DEVICE_FAMILY[sdk=iphonesimulator*]" = "1,4";
			};
			name = Release;
		};
		64DC618C1BA0579D0022E52F /* Debug */ = {
			isa = XCBuildConfiguration;
			buildSettings = {
				GCC_PREPROCESSOR_DEFINITIONS = (
					"DEBUG=1",
					"$(inherited)",
				);
				INFOPLIST_FILE = "AppWatchTV WatchKit Extension/Info.plist";
				LD_RUNPATH_SEARCH_PATHS = "$(inherited) @executable_path/Frameworks @executable_path/../../Frameworks";
				PRODUCT_NAME = "${TARGET_NAME}";
				SKIP_INSTALL = YES;
			};
			name = Debug;
		};
		64DC618D1BA0579D0022E52F /* Release */ = {
			isa = XCBuildConfiguration;
			buildSettings = {
				INFOPLIST_FILE = "AppWatchTV WatchKit Extension/Info.plist";
				LD_RUNPATH_SEARCH_PATHS = "$(inherited) @executable_path/Frameworks @executable_path/../../Frameworks";
				PRODUCT_NAME = "${TARGET_NAME}";
				SKIP_INSTALL = YES;
			};
			name = Release;
		};
/* End XCBuildConfiguration section */

/* Begin XCConfigurationList section */
		64DC613C1BA057900022E52F /* Build configuration list for PBXProject "AppWatchTV" */ = {
			isa = XCConfigurationList;
			buildConfigurations = (
				64DC61621BA057900022E52F /* Debug */,
				64DC61631BA057900022E52F /* Release */,
			);
			defaultConfigurationIsVisible = 0;
			defaultConfigurationName = Release;
		};
		64DC61641BA057900022E52F /* Build configuration list for PBXNativeTarget "AppWatchTV" */ = {
			isa = XCConfigurationList;
			buildConfigurations = (
				64DC61651BA057900022E52F /* Debug */,
				64DC61661BA057900022E52F /* Release */,
			);
			defaultConfigurationIsVisible = 0;
		};
		64DC61671BA057900022E52F /* Build configuration list for PBXNativeTarget "AppWatchTVTests" */ = {
			isa = XCConfigurationList;
			buildConfigurations = (
				64DC61681BA057900022E52F /* Debug */,
				64DC61691BA057900022E52F /* Release */,
			);
			defaultConfigurationIsVisible = 0;
		};
		64DC61881BA0579D0022E52F /* Build configuration list for PBXNativeTarget "AppWatchTV WatchKit App" */ = {
			isa = XCConfigurationList;
			buildConfigurations = (
				64DC61891BA0579D0022E52F /* Debug */,
				64DC618A1BA0579D0022E52F /* Release */,
			);
			defaultConfigurationIsVisible = 0;
		};
		64DC618B1BA0579D0022E52F /* Build configuration list for PBXNativeTarget "AppWatchTV WatchKit Extension" */ = {
			isa = XCConfigurationList;
			buildConfigurations = (
				64DC618C1BA0579D0022E52F /* Debug */,
				64DC618D1BA0579D0022E52F /* Release */,
			);
			defaultConfigurationIsVisible = 0;
		};
/* End XCConfigurationList section */
	};
	rootObject = 64DC61391BA057900022E52F /* Project object */;
}
